// !$*UTF8*$!
{
	archiveVersion = 1;
	classes = {
	};
	objectVersion = 56;
	objects = {

/* Begin PBXBuildFile section */
		A65F37CD291C49D00032825F /* MeetingFooterView.swift in Sources */ = {isa = PBXBuildFile; fileRef = A65F37CC291C49D00032825F /* MeetingFooterView.swift */; };
		A671C2A228DBA4A1008EB1AF /* DetailView.swift in Sources */ = {isa = PBXBuildFile; fileRef = A671C2A128DBA4A1008EB1AF /* DetailView.swift */; };
		A671C2A428DBC480008EB1AF /* DetailEditView.swift in Sources */ = {isa = PBXBuildFile; fileRef = A671C2A328DBC480008EB1AF /* DetailEditView.swift */; };
		A68D8BFD28F968BB009514A8 /* ScrumProgressViewStyle.swift in Sources */ = {isa = PBXBuildFile; fileRef = A68D8BFC28F968BB009514A8 /* ScrumProgressViewStyle.swift */; };
		A68D8BFF28F96CE3009514A8 /* ScrumTimer.swift in Sources */ = {isa = PBXBuildFile; fileRef = A68D8BFE28F96CE3009514A8 /* ScrumTimer.swift */; };
		A69FB96928DA1ACB00929210 /* TrailingIconLabelStyle.swift in Sources */ = {isa = PBXBuildFile; fileRef = A69FB96828DA1ACB00929210 /* TrailingIconLabelStyle.swift */; };
		A69FB96B28DA208B00929210 /* ScrumsView.swift in Sources */ = {isa = PBXBuildFile; fileRef = A69FB96A28DA208B00929210 /* ScrumsView.swift */; };
		A6A5095E28DCA3B9000F32FB /* ThemeView.swift in Sources */ = {isa = PBXBuildFile; fileRef = A6A5095D28DCA3B9000F32FB /* ThemeView.swift */; };
		A6A5096028DCA60F000F32FB /* ThemePicker.swift in Sources */ = {isa = PBXBuildFile; fileRef = A6A5095F28DCA60F000F32FB /* ThemePicker.swift */; };
		A6B65C5928D8BD8A0079A1F5 /* ScrumdingerApp.swift in Sources */ = {isa = PBXBuildFile; fileRef = A6B65C5828D8BD8A0079A1F5 /* ScrumdingerApp.swift */; };
		A6B65C5B28D8BD8A0079A1F5 /* MeetingView.swift in Sources */ = {isa = PBXBuildFile; fileRef = A6B65C5A28D8BD8A0079A1F5 /* MeetingView.swift */; };
		A6B65C5D28D8BD8B0079A1F5 /* Assets.xcassets in Resources */ = {isa = PBXBuildFile; fileRef = A6B65C5C28D8BD8B0079A1F5 /* Assets.xcassets */; };
		A6B65C6028D8BD8B0079A1F5 /* Preview Assets.xcassets in Resources */ = {isa = PBXBuildFile; fileRef = A6B65C5F28D8BD8B0079A1F5 /* Preview Assets.xcassets */; };
		A6B65C6828D8C5C90079A1F5 /* Theme.swift in Sources */ = {isa = PBXBuildFile; fileRef = A6B65C6728D8C5C90079A1F5 /* Theme.swift */; };
		A6B65C6A28D8C7220079A1F5 /* DailyScrum.swift in Sources */ = {isa = PBXBuildFile; fileRef = A6B65C6928D8C7220079A1F5 /* DailyScrum.swift */; };
		A6B65C6C28D8E1240079A1F5 /* CardView.swift in Sources */ = {isa = PBXBuildFile; fileRef = A6B65C6B28D8E1240079A1F5 /* CardView.swift */; };
		A6BC1A3828F86C680073E92B /* MeetingHeaderView.swift in Sources */ = {isa = PBXBuildFile; fileRef = A6BC1A3728F86C680073E92B /* MeetingHeaderView.swift */; };
/* End PBXBuildFile section */

/* Begin PBXFileReference section */
		A65F37CC291C49D00032825F /* MeetingFooterView.swift */ = {isa = PBXFileReference; lastKnownFileType = sourcecode.swift; name = MeetingFooterView.swift; path = Scrumdinger/Models/MeetingFooterView.swift; sourceTree = SOURCE_ROOT; };
		A671C2A128DBA4A1008EB1AF /* DetailView.swift */ = {isa = PBXFileReference; lastKnownFileType = sourcecode.swift; path = DetailView.swift; sourceTree = "<group>"; };
		A671C2A328DBC480008EB1AF /* DetailEditView.swift */ = {isa = PBXFileReference; lastKnownFileType = sourcecode.swift; path = DetailEditView.swift; sourceTree = "<group>"; };
		A68D8BFC28F968BB009514A8 /* ScrumProgressViewStyle.swift */ = {isa = PBXFileReference; fileEncoding = 4; lastKnownFileType = sourcecode.swift; path = ScrumProgressViewStyle.swift; sourceTree = "<group>"; };
		A68D8BFE28F96CE3009514A8 /* ScrumTimer.swift */ = {isa = PBXFileReference; fileEncoding = 4; lastKnownFileType = sourcecode.swift; path = ScrumTimer.swift; sourceTree = "<group>"; };
		A69FB96828DA1ACB00929210 /* TrailingIconLabelStyle.swift */ = {isa = PBXFileReference; lastKnownFileType = sourcecode.swift; path = TrailingIconLabelStyle.swift; sourceTree = "<group>"; };
		A69FB96A28DA208B00929210 /* ScrumsView.swift */ = {isa = PBXFileReference; lastKnownFileType = sourcecode.swift; path = ScrumsView.swift; sourceTree = "<group>"; };
		A6A5095D28DCA3B9000F32FB /* ThemeView.swift */ = {isa = PBXFileReference; lastKnownFileType = sourcecode.swift; name = ThemeView.swift; path = Scrumdinger/Views/ThemeView.swift; sourceTree = SOURCE_ROOT; };
		A6A5095F28DCA60F000F32FB /* ThemePicker.swift */ = {isa = PBXFileReference; lastKnownFileType = sourcecode.swift; path = ThemePicker.swift; sourceTree = "<group>"; };
		A6B65C5528D8BD8A0079A1F5 /* Scrumdinger.app */ = {isa = PBXFileReference; explicitFileType = wrapper.application; includeInIndex = 0; path = Scrumdinger.app; sourceTree = BUILT_PRODUCTS_DIR; };
		A6B65C5828D8BD8A0079A1F5 /* ScrumdingerApp.swift */ = {isa = PBXFileReference; lastKnownFileType = sourcecode.swift; path = ScrumdingerApp.swift; sourceTree = "<group>"; };
		A6B65C5A28D8BD8A0079A1F5 /* MeetingView.swift */ = {isa = PBXFileReference; lastKnownFileType = sourcecode.swift; path = MeetingView.swift; sourceTree = "<group>"; };
		A6B65C5C28D8BD8B0079A1F5 /* Assets.xcassets */ = {isa = PBXFileReference; lastKnownFileType = folder.assetcatalog; path = Assets.xcassets; sourceTree = "<group>"; };
		A6B65C5F28D8BD8B0079A1F5 /* Preview Assets.xcassets */ = {isa = PBXFileReference; lastKnownFileType = folder.assetcatalog; path = "Preview Assets.xcassets"; sourceTree = "<group>"; };
		A6B65C6728D8C5C90079A1F5 /* Theme.swift */ = {isa = PBXFileReference; lastKnownFileType = sourcecode.swift; path = Theme.swift; sourceTree = "<group>"; };
		A6B65C6928D8C7220079A1F5 /* DailyScrum.swift */ = {isa = PBXFileReference; lastKnownFileType = sourcecode.swift; path = DailyScrum.swift; sourceTree = "<group>"; };
		A6B65C6B28D8E1240079A1F5 /* CardView.swift */ = {isa = PBXFileReference; lastKnownFileType = sourcecode.swift; path = CardView.swift; sourceTree = "<group>"; };
		A6BC1A3728F86C680073E92B /* MeetingHeaderView.swift */ = {isa = PBXFileReference; lastKnownFileType = sourcecode.swift; path = MeetingHeaderView.swift; sourceTree = SOURCE_ROOT; };
/* End PBXFileReference section */

/* Begin PBXFrameworksBuildPhase section */
		A6B65C5228D8BD8A0079A1F5 /* Frameworks */ = {
			isa = PBXFrameworksBuildPhase;
			buildActionMask = 2147483647;
			files = (
			);
			runOnlyForDeploymentPostprocessing = 0;
		};
/* End PBXFrameworksBuildPhase section */

/* Begin PBXGroup section */
		A671C2A528DBCF16008EB1AF /* EntryPoint */ = {
			isa = PBXGroup;
			children = (
				A6B65C5828D8BD8A0079A1F5 /* ScrumdingerApp.swift */,
			);
			path = EntryPoint;
			sourceTree = "<group>";
		};
		A671C2A628DBCF2F008EB1AF /* Views */ = {
			isa = PBXGroup;
			children = (
				A6BC1A3728F86C680073E92B /* MeetingHeaderView.swift */,
				A65F37CC291C49D00032825F /* MeetingFooterView.swift */,
				A6A5095D28DCA3B9000F32FB /* ThemeView.swift */,
				A6A5095F28DCA60F000F32FB /* ThemePicker.swift */,
				A6B65C6B28D8E1240079A1F5 /* CardView.swift */,
				A68D8BFC28F968BB009514A8 /* ScrumProgressViewStyle.swift */,
				A671C2A128DBA4A1008EB1AF /* DetailView.swift */,
				A69FB96A28DA208B00929210 /* ScrumsView.swift */,
				A6B65C5A28D8BD8A0079A1F5 /* MeetingView.swift */,
				A671C2A328DBC480008EB1AF /* DetailEditView.swift */,
				A69FB96828DA1ACB00929210 /* TrailingIconLabelStyle.swift */,
			);
			path = Views;
			sourceTree = "<group>";
		};
		A6B65C4C28D8BD8A0079A1F5 = {
			isa = PBXGroup;
			children = (
				A6B65C5728D8BD8A0079A1F5 /* Scrumdinger */,
				A6B65C5628D8BD8A0079A1F5 /* Products */,
			);
			sourceTree = "<group>";
		};
		A6B65C5628D8BD8A0079A1F5 /* Products */ = {
			isa = PBXGroup;
			children = (
				A6B65C5528D8BD8A0079A1F5 /* Scrumdinger.app */,
			);
			name = Products;
			sourceTree = "<group>";
		};
		A6B65C5728D8BD8A0079A1F5 /* Scrumdinger */ = {
			isa = PBXGroup;
			children = (
				A671C2A528DBCF16008EB1AF /* EntryPoint */,
				A6B65C6628D8C5A10079A1F5 /* Models */,
				A671C2A628DBCF2F008EB1AF /* Views */,
				A6B65C5C28D8BD8B0079A1F5 /* Assets.xcassets */,
				A6B65C5E28D8BD8B0079A1F5 /* Preview Content */,
			);
			path = Scrumdinger;
			sourceTree = "<group>";
		};
		A6B65C5E28D8BD8B0079A1F5 /* Preview Content */ = {
			isa = PBXGroup;
			children = (
				A6B65C5F28D8BD8B0079A1F5 /* Preview Assets.xcassets */,
			);
			path = "Preview Content";
			sourceTree = "<group>";
		};
		A6B65C6628D8C5A10079A1F5 /* Models */ = {
			isa = PBXGroup;
			children = (
				A68D8BFE28F96CE3009514A8 /* ScrumTimer.swift */,
				A6B65C6728D8C5C90079A1F5 /* Theme.swift */,
				A6B65C6928D8C7220079A1F5 /* DailyScrum.swift */,
			);
			path = Models;
			sourceTree = "<group>";
		};
/* End PBXGroup section */

/* Begin PBXNativeTarget section */
		A6B65C5428D8BD8A0079A1F5 /* Scrumdinger */ = {
			isa = PBXNativeTarget;
			buildConfigurationList = A6B65C6328D8BD8B0079A1F5 /* Build configuration list for PBXNativeTarget "Scrumdinger" */;
			buildPhases = (
				A6B65C5128D8BD8A0079A1F5 /* Sources */,
				A6B65C5228D8BD8A0079A1F5 /* Frameworks */,
				A6B65C5328D8BD8A0079A1F5 /* Resources */,
			);
			buildRules = (
			);
			dependencies = (
			);
			name = Scrumdinger;
			productName = Scrumdinger;
			productReference = A6B65C5528D8BD8A0079A1F5 /* Scrumdinger.app */;
			productType = "com.apple.product-type.application";
		};
/* End PBXNativeTarget section */

/* Begin PBXProject section */
		A6B65C4D28D8BD8A0079A1F5 /* Project object */ = {
			isa = PBXProject;
			attributes = {
				BuildIndependentTargetsInParallel = 1;
				LastSwiftUpdateCheck = 1400;
				LastUpgradeCheck = 1400;
				TargetAttributes = {
					A6B65C5428D8BD8A0079A1F5 = {
						CreatedOnToolsVersion = 14.0;
					};
				};
			};
			buildConfigurationList = A6B65C5028D8BD8A0079A1F5 /* Build configuration list for PBXProject "Scrumdinger" */;
			compatibilityVersion = "Xcode 14.0";
			developmentRegion = en;
			hasScannedForEncodings = 0;
			knownRegions = (
				en,
				Base,
			);
			mainGroup = A6B65C4C28D8BD8A0079A1F5;
			productRefGroup = A6B65C5628D8BD8A0079A1F5 /* Products */;
			projectDirPath = "";
			projectRoot = "";
			targets = (
				A6B65C5428D8BD8A0079A1F5 /* Scrumdinger */,
			);
		};
/* End PBXProject section */

/* Begin PBXResourcesBuildPhase section */
		A6B65C5328D8BD8A0079A1F5 /* Resources */ = {
			isa = PBXResourcesBuildPhase;
			buildActionMask = 2147483647;
			files = (
				A6B65C6028D8BD8B0079A1F5 /* Preview Assets.xcassets in Resources */,
				A6B65C5D28D8BD8B0079A1F5 /* Assets.xcassets in Resources */,
			);
			runOnlyForDeploymentPostprocessing = 0;
		};
/* End PBXResourcesBuildPhase section */

/* Begin PBXSourcesBuildPhase section */
		A6B65C5128D8BD8A0079A1F5 /* Sources */ = {
			isa = PBXSourcesBuildPhase;
			buildActionMask = 2147483647;
			files = (
				A6A5096028DCA60F000F32FB /* ThemePicker.swift in Sources */,
				A68D8BFD28F968BB009514A8 /* ScrumProgressViewStyle.swift in Sources */,
				A65F37CD291C49D00032825F /* MeetingFooterView.swift in Sources */,
				A68D8BFF28F96CE3009514A8 /* ScrumTimer.swift in Sources */,
				A6B65C6A28D8C7220079A1F5 /* DailyScrum.swift in Sources */,
				A671C2A228DBA4A1008EB1AF /* DetailView.swift in Sources */,
				A6BC1A3828F86C680073E92B /* MeetingHeaderView.swift in Sources */,
				A671C2A428DBC480008EB1AF /* DetailEditView.swift in Sources */,
				A69FB96928DA1ACB00929210 /* TrailingIconLabelStyle.swift in Sources */,
				A6B65C6828D8C5C90079A1F5 /* Theme.swift in Sources */,
				A69FB96B28DA208B00929210 /* ScrumsView.swift in Sources */,
				A6B65C5B28D8BD8A0079A1F5 /* MeetingView.swift in Sources */,
				A6B65C5928D8BD8A0079A1F5 /* ScrumdingerApp.swift in Sources */,
				A6A5095E28DCA3B9000F32FB /* ThemeView.swift in Sources */,
				A6B65C6C28D8E1240079A1F5 /* CardView.swift in Sources */,
			);
			runOnlyForDeploymentPostprocessing = 0;
		};
/* End PBXSourcesBuildPhase section */

/* Begin XCBuildConfiguration section */
		A6B65C6128D8BD8B0079A1F5 /* Debug */ = {
			isa = XCBuildConfiguration;
			buildSettings = {
				ALWAYS_SEARCH_USER_PATHS = NO;
				CLANG_ANALYZER_NONNULL = YES;
				CLANG_ANALYZER_NUMBER_OBJECT_CONVERSION = YES_AGGRESSIVE;
				CLANG_CXX_LANGUAGE_STANDARD = "gnu++17";
				CLANG_ENABLE_MODULES = YES;
				CLANG_ENABLE_OBJC_ARC = YES;
				CLANG_ENABLE_OBJC_WEAK = YES;
				CLANG_WARN_BLOCK_CAPTURE_AUTORELEASING = YES;
				CLANG_WARN_BOOL_CONVERSION = YES;
				CLANG_WARN_COMMA = YES;
				CLANG_WARN_CONSTANT_CONVERSION = YES;
				CLANG_WARN_DEPRECATED_OBJC_IMPLEMENTATIONS = YES;
				CLANG_WARN_DIRECT_OBJC_ISA_USAGE = YES_ERROR;
				CLANG_WARN_DOCUMENTATION_COMMENTS = YES;
				CLANG_WARN_EMPTY_BODY = YES;
				CLANG_WARN_ENUM_CONVERSION = YES;
				CLANG_WARN_INFINITE_RECURSION = YES;
				CLANG_WARN_INT_CONVERSION = YES;
				CLANG_WARN_NON_LITERAL_NULL_CONVERSION = YES;
				CLANG_WARN_OBJC_IMPLICIT_RETAIN_SELF = YES;
				CLANG_WARN_OBJC_LITERAL_CONVERSION = YES;
				CLANG_WARN_OBJC_ROOT_CLASS = YES_ERROR;
				CLANG_WARN_QUOTED_INCLUDE_IN_FRAMEWORK_HEADER = YES;
				CLANG_WARN_RANGE_LOOP_ANALYSIS = YES;
				CLANG_WARN_STRICT_PROTOTYPES = YES;
				CLANG_WARN_SUSPICIOUS_MOVE = YES;
				CLANG_WARN_UNGUARDED_AVAILABILITY = YES_AGGRESSIVE;
				CLANG_WARN_UNREACHABLE_CODE = YES;
				CLANG_WARN__DUPLICATE_METHOD_MATCH = YES;
				COPY_PHASE_STRIP = NO;
				DEBUG_INFORMATION_FORMAT = dwarf;
				ENABLE_STRICT_OBJC_MSGSEND = YES;
				ENABLE_TESTABILITY = YES;
				GCC_C_LANGUAGE_STANDARD = gnu11;
				GCC_DYNAMIC_NO_PIC = NO;
				GCC_NO_COMMON_BLOCKS = YES;
				GCC_OPTIMIZATION_LEVEL = 0;
				GCC_PREPROCESSOR_DEFINITIONS = (
					"DEBUG=1",
					"$(inherited)",
				);
				GCC_WARN_64_TO_32_BIT_CONVERSION = YES;
				GCC_WARN_ABOUT_RETURN_TYPE = YES_ERROR;
				GCC_WARN_UNDECLARED_SELECTOR = YES;
				GCC_WARN_UNINITIALIZED_AUTOS = YES_AGGRESSIVE;
				GCC_WARN_UNUSED_FUNCTION = YES;
				GCC_WARN_UNUSED_VARIABLE = YES;
				IPHONEOS_DEPLOYMENT_TARGET = 16.0;
				MTL_ENABLE_DEBUG_INFO = INCLUDE_SOURCE;
				MTL_FAST_MATH = YES;
				ONLY_ACTIVE_ARCH = YES;
				SDKROOT = iphoneos;
				SWIFT_ACTIVE_COMPILATION_CONDITIONS = DEBUG;
				SWIFT_OPTIMIZATION_LEVEL = "-Onone";
			};
			name = Debug;
		};
		A6B65C6228D8BD8B0079A1F5 /* Release */ = {
			isa = XCBuildConfiguration;
			buildSettings = {
				ALWAYS_SEARCH_USER_PATHS = NO;
				CLANG_ANALYZER_NONNULL = YES;
				CLANG_ANALYZER_NUMBER_OBJECT_CONVERSION = YES_AGGRESSIVE;
				CLANG_CXX_LANGUAGE_STANDARD = "gnu++17";
				CLANG_ENABLE_MODULES = YES;
				CLANG_ENABLE_OBJC_ARC = YES;
				CLANG_ENABLE_OBJC_WEAK = YES;
				CLANG_WARN_BLOCK_CAPTURE_AUTORELEASING = YES;
				CLANG_WARN_BOOL_CONVERSION = YES;
				CLANG_WARN_COMMA = YES;
				CLANG_WARN_CONSTANT_CONVERSION = YES;
				CLANG_WARN_DEPRECATED_OBJC_IMPLEMENTATIONS = YES;
				CLANG_WARN_DIRECT_OBJC_ISA_USAGE = YES_ERROR;
				CLANG_WARN_DOCUMENTATION_COMMENTS = YES;
				CLANG_WARN_EMPTY_BODY = YES;
				CLANG_WARN_ENUM_CONVERSION = YES;
				CLANG_WARN_INFINITE_RECURSION = YES;
				CLANG_WARN_INT_CONVERSION = YES;
				CLANG_WARN_NON_LITERAL_NULL_CONVERSION = YES;
				CLANG_WARN_OBJC_IMPLICIT_RETAIN_SELF = YES;
				CLANG_WARN_OBJC_LITERAL_CONVERSION = YES;
				CLANG_WARN_OBJC_ROOT_CLASS = YES_ERROR;
				CLANG_WARN_QUOTED_INCLUDE_IN_FRAMEWORK_HEADER = YES;
				CLANG_WARN_RANGE_LOOP_ANALYSIS = YES;
				CLANG_WARN_STRICT_PROTOTYPES = YES;
				CLANG_WARN_SUSPICIOUS_MOVE = YES;
				CLANG_WARN_UNGUARDED_AVAILABILITY = YES_AGGRESSIVE;
				CLANG_WARN_UNREACHABLE_CODE = YES;
				CLANG_WARN__DUPLICATE_METHOD_MATCH = YES;
				COPY_PHASE_STRIP = NO;
				DEBUG_INFORMATION_FORMAT = "dwarf-with-dsym";
				ENABLE_NS_ASSERTIONS = NO;
				ENABLE_STRICT_OBJC_MSGSEND = YES;
				GCC_C_LANGUAGE_STANDARD = gnu11;
				GCC_NO_COMMON_BLOCKS = YES;
				GCC_WARN_64_TO_32_BIT_CONVERSION = YES;
				GCC_WARN_ABOUT_RETURN_TYPE = YES_ERROR;
				GCC_WARN_UNDECLARED_SELECTOR = YES;
				GCC_WARN_UNINITIALIZED_AUTOS = YES_AGGRESSIVE;
				GCC_WARN_UNUSED_FUNCTION = YES;
				GCC_WARN_UNUSED_VARIABLE = YES;
				IPHONEOS_DEPLOYMENT_TARGET = 16.0;
				MTL_ENABLE_DEBUG_INFO = NO;
				MTL_FAST_MATH = YES;
				SDKROOT = iphoneos;
				SWIFT_COMPILATION_MODE = wholemodule;
				SWIFT_OPTIMIZATION_LEVEL = "-O";
				VALIDATE_PRODUCT = YES;
			};
			name = Release;
		};
		A6B65C6428D8BD8B0079A1F5 /* Debug */ = {
			isa = XCBuildConfiguration;
			buildSettings = {
				ASSETCATALOG_COMPILER_APPICON_NAME = AppIcon;
				ASSETCATALOG_COMPILER_GLOBAL_ACCENT_COLOR_NAME = AccentColor;
				CODE_SIGN_STYLE = Automatic;
				CURRENT_PROJECT_VERSION = 1;
				DEVELOPMENT_ASSET_PATHS = "\"Scrumdinger/Preview Content\"";
				DEVELOPMENT_TEAM = QE68JBKWWB;
				ENABLE_PREVIEWS = YES;
				GENERATE_INFOPLIST_FILE = YES;
				INFOPLIST_KEY_UIApplicationSceneManifest_Generation = YES;
				INFOPLIST_KEY_UIApplicationSupportsIndirectInputEvents = YES;
				INFOPLIST_KEY_UILaunchScreen_Generation = YES;
				INFOPLIST_KEY_UISupportedInterfaceOrientations_iPad = "UIInterfaceOrientationPortrait UIInterfaceOrientationPortraitUpsideDown UIInterfaceOrientationLandscapeLeft UIInterfaceOrientationLandscapeRight";
				INFOPLIST_KEY_UISupportedInterfaceOrientations_iPhone = "UIInterfaceOrientationPortrait UIInterfaceOrientationLandscapeLeft UIInterfaceOrientationLandscapeRight";
				LD_RUNPATH_SEARCH_PATHS = (
					"$(inherited)",
					"@executable_path/Frameworks",
				);
				MARKETING_VERSION = 1.0;
				PRODUCT_BUNDLE_IDENTIFIER = luko.Scrumdinger;
				PRODUCT_NAME = "$(TARGET_NAME)";
				SWIFT_EMIT_LOC_STRINGS = YES;
				SWIFT_VERSION = 5.0;
				TARGETED_DEVICE_FAMILY = "1,2";
			};
			name = Debug;
		};
		A6B65C6528D8BD8B0079A1F5 /* Release */ = {
			isa = XCBuildConfiguration;
			buildSettings = {
				ASSETCATALOG_COMPILER_APPICON_NAME = AppIcon;
				ASSETCATALOG_COMPILER_GLOBAL_ACCENT_COLOR_NAME = AccentColor;
				CODE_SIGN_STYLE = Automatic;
				CURRENT_PROJECT_VERSION = 1;
				DEVELOPMENT_ASSET_PATHS = "\"Scrumdinger/Preview Content\"";
				DEVELOPMENT_TEAM = QE68JBKWWB;
				ENABLE_PREVIEWS = YES;
				GENERATE_INFOPLIST_FILE = YES;
				INFOPLIST_KEY_UIApplicationSceneManifest_Generation = YES;
				INFOPLIST_KEY_UIApplicationSupportsIndirectInputEvents = YES;
				INFOPLIST_KEY_UILaunchScreen_Generation = YES;
				INFOPLIST_KEY_UISupportedInterfaceOrientations_iPad = "UIInterfaceOrientationPortrait UIInterfaceOrientationPortraitUpsideDown UIInterfaceOrientationLandscapeLeft UIInterfaceOrientationLandscapeRight";
				INFOPLIST_KEY_UISupportedInterfaceOrientations_iPhone = "UIInterfaceOrientationPortrait UIInterfaceOrientationLandscapeLeft UIInterfaceOrientationLandscapeRight";
				LD_RUNPATH_SEARCH_PATHS = (
					"$(inherited)",
					"@executable_path/Frameworks",
				);
				MARKETING_VERSION = 1.0;
				PRODUCT_BUNDLE_IDENTIFIER = luko.Scrumdinger;
				PRODUCT_NAME = "$(TARGET_NAME)";
				SWIFT_EMIT_LOC_STRINGS = YES;
				SWIFT_VERSION = 5.0;
				TARGETED_DEVICE_FAMILY = "1,2";
			};
			name = Release;
		};
/* End XCBuildConfiguration section */

/* Begin XCConfigurationList section */
		A6B65C5028D8BD8A0079A1F5 /* Build configuration list for PBXProject "Scrumdinger" */ = {
			isa = XCConfigurationList;
			buildConfigurations = (
				A6B65C6128D8BD8B0079A1F5 /* Debug */,
				A6B65C6228D8BD8B0079A1F5 /* Release */,
			);
			defaultConfigurationIsVisible = 0;
			defaultConfigurationName = Release;
		};
		A6B65C6328D8BD8B0079A1F5 /* Build configuration list for PBXNativeTarget "Scrumdinger" */ = {
			isa = XCConfigurationList;
			buildConfigurations = (
				A6B65C6428D8BD8B0079A1F5 /* Debug */,
				A6B65C6528D8BD8B0079A1F5 /* Release */,
			);
			defaultConfigurationIsVisible = 0;
			defaultConfigurationName = Release;
		};
/* End XCConfigurationList section */
	};
	rootObject = A6B65C4D28D8BD8A0079A1F5 /* Project object */;
}
